
Microsoft Visual Studio Solution File, Format Version 12.00
# Visual Studio 2012
Project("{FAE04EC0-301F-11D3-BF4B-00C04F79EFBC}") = "Graphite", "Graphite\Graphite.csproj", "{E9ED1C85-2C0A-43A7-A98A-FC3EC92B6F8A}"
EndProject
Project("{FAE04EC0-301F-11D3-BF4B-00C04F79EFBC}") = "Graphite.System", "Graphite.System\Graphite.System.csproj", "{00748014-056A-46DC-AA41-0445534ABDD5}"
EndProject
Project("{FAE04EC0-301F-11D3-BF4B-00C04F79EFBC}") = "Graphite.Web", "Graphite.Web\Graphite.Web.csproj", "{2A4858FE-7353-4E9A-84C1-1FD11808AF39}"
EndProject
Project("{FAE04EC0-301F-11D3-BF4B-00C04F79EFBC}") = "MvcWebTest", "MvcWebTest\MvcWebTest.csproj", "{6C8A1808-4C7B-4127-AC44-29146C0F2D9C}"
EndProject
Project("{2150E333-8FDC-42A3-9474-1A3956D46DE8}") = ".nuget", ".nuget", "{54410FA6-38BA-4B01-8837-5187A3607C88}"
	ProjectSection(SolutionItems) = preProject
		.nuget\NuGet.Config = .nuget\NuGet.Config
		.nuget\NuGet.exe = .nuget\NuGet.exe
		.nuget\NuGet.targets = .nuget\NuGet.targets
	EndProjectSection
EndProject
Project("{FAE04EC0-301F-11D3-BF4B-00C04F79EFBC}") = "Graphite.Wcf", "Graphite.Wcf\Graphite.Wcf.csproj", "{2D96AB33-EED6-4ACE-89BC-79AB9B8A3A84}"
EndProject
Project("{FAE04EC0-301F-11D3-BF4B-00C04F79EFBC}") = "Graphite.Test", "Graphite.Test\Graphite.Test.csproj", "{CA860A6C-3189-480A-8940-1A3D6F143DFF}"
EndProject
Project("{FAE04EC0-301F-11D3-BF4B-00C04F79EFBC}") = "Graphite.TSql", "Graphite.TSql\Graphite.TSql.csproj", "{DF9722BC-BB2D-4081-9FBA-3A4FE386122C}"
EndProject
Project("{FAE04EC0-301F-11D3-BF4B-00C04F79EFBC}") = "MSBuild.Graphite", "MSBuild.Graphite\MSBuild.Graphite.csproj", "{003884F7-C602-4505-AAE5-ED276921A4A3}"
EndProject
Project("{FAE04EC0-301F-11D3-BF4B-00C04F79EFBC}") = "Graphite.Elmah", "Graphite.Elmah\Graphite.Elmah.csproj", "{1E287287-BDC9-40C3-940B-45B0F682955A}"
EndProject
Project("{FAE04EC0-301F-11D3-BF4B-00C04F79EFBC}") = "WcfTestService", "WcfTestService\WcfTestService.csproj", "{14B4A88F-8CC1-4424-868A-FBAE18701D2D}"
EndProject
Global
	GlobalSection(SolutionConfigurationPlatforms) = preSolution
		Debugger|Any CPU = Debugger|Any CPU
		Debug|Any CPU = Debug|Any CPU
		Release|Any CPU = Release|Any CPU
	EndGlobalSection
	GlobalSection(ProjectConfigurationPlatforms) = postSolution
		{003884F7-C602-4505-AAE5-ED276921A4A3}.Debugger|Any CPU.ActiveCfg = Debug|Any CPU
		{003884F7-C602-4505-AAE5-ED276921A4A3}.Debugger|Any CPU.Build.0 = Debug|Any CPU
		{003884F7-C602-4505-AAE5-ED276921A4A3}.Debug|Any CPU.ActiveCfg = Debug|Any CPU
		{003884F7-C602-4505-AAE5-ED276921A4A3}.Debug|Any CPU.Build.0 = Debug|Any CPU
		{003884F7-C602-4505-AAE5-ED276921A4A3}.Release|Any CPU.ActiveCfg = Release|Any CPU
		{003884F7-C602-4505-AAE5-ED276921A4A3}.Release|Any CPU.Build.0 = Release|Any CPU
		{00748014-056A-46DC-AA41-0445534ABDD5}.Debugger|Any CPU.ActiveCfg = Debugger|Any CPU
		{00748014-056A-46DC-AA41-0445534ABDD5}.Debugger|Any CPU.Build.0 = Debugger|Any CPU
		{00748014-056A-46DC-AA41-0445534ABDD5}.Debug|Any CPU.ActiveCfg = Debug|Any CPU
		{00748014-056A-46DC-AA41-0445534ABDD5}.Debug|Any CPU.Build.0 = Debug|Any CPU
		{00748014-056A-46DC-AA41-0445534ABDD5}.Release|Any CPU.ActiveCfg = Release|Any CPU
		{00748014-056A-46DC-AA41-0445534ABDD5}.Release|Any CPU.Build.0 = Release|Any CPU
		{14B4A88F-8CC1-4424-868A-FBAE18701D2D}.Debugger|Any CPU.ActiveCfg = Debug|Any CPU
		{14B4A88F-8CC1-4424-868A-FBAE18701D2D}.Debugger|Any CPU.Build.0 = Debug|Any CPU
		{14B4A88F-8CC1-4424-868A-FBAE18701D2D}.Debug|Any CPU.ActiveCfg = Debug|Any CPU
		{14B4A88F-8CC1-4424-868A-FBAE18701D2D}.Debug|Any CPU.Build.0 = Debug|Any CPU
		{14B4A88F-8CC1-4424-868A-FBAE18701D2D}.Release|Any CPU.ActiveCfg = Release|Any CPU
		{14B4A88F-8CC1-4424-868A-FBAE18701D2D}.Release|Any CPU.Build.0 = Release|Any CPU
		{1E287287-BDC9-40C3-940B-45B0F682955A}.Debugger|Any CPU.ActiveCfg = Debug|Any CPU
		{1E287287-BDC9-40C3-940B-45B0F682955A}.Debugger|Any CPU.Build.0 = Debug|Any CPU
		{1E287287-BDC9-40C3-940B-45B0F682955A}.Debug|Any CPU.ActiveCfg = Debug|Any CPU
		{1E287287-BDC9-40C3-940B-45B0F682955A}.Debug|Any CPU.Build.0 = Debug|Any CPU
		{1E287287-BDC9-40C3-940B-45B0F682955A}.Release|Any CPU.ActiveCfg = Release|Any CPU
		{1E287287-BDC9-40C3-940B-45B0F682955A}.Release|Any CPU.Build.0 = Release|Any CPU
		{2A4858FE-7353-4E9A-84C1-1FD11808AF39}.Debugger|Any CPU.ActiveCfg = Debug|Any CPU
		{2A4858FE-7353-4E9A-84C1-1FD11808AF39}.Debugger|Any CPU.Build.0 = Debug|Any CPU
		{2A4858FE-7353-4E9A-84C1-1FD11808AF39}.Debug|Any CPU.ActiveCfg = Debug|Any CPU
		{2A4858FE-7353-4E9A-84C1-1FD11808AF39}.Debug|Any CPU.Build.0 = Debug|Any CPU
		{2A4858FE-7353-4E9A-84C1-1FD11808AF39}.Release|Any CPU.ActiveCfg = Release|Any CPU
		{2A4858FE-7353-4E9A-84C1-1FD11808AF39}.Release|Any CPU.Build.0 = Release|Any CPU
		{2D96AB33-EED6-4ACE-89BC-79AB9B8A3A84}.Debugger|Any CPU.ActiveCfg = Debug|Any CPU
		{2D96AB33-EED6-4ACE-89BC-79AB9B8A3A84}.Debugger|Any CPU.Build.0 = Debug|Any CPU
		{2D96AB33-EED6-4ACE-89BC-79AB9B8A3A84}.Debug|Any CPU.ActiveCfg = Debug|Any CPU
		{2D96AB33-EED6-4ACE-89BC-79AB9B8A3A84}.Debug|Any CPU.Build.0 = Debug|Any CPU
		{2D96AB33-EED6-4ACE-89BC-79AB9B8A3A84}.Release|Any CPU.ActiveCfg = Release|Any CPU
		{2D96AB33-EED6-4ACE-89BC-79AB9B8A3A84}.Release|Any CPU.Build.0 = Release|Any CPU
		{6C8A1808-4C7B-4127-AC44-29146C0F2D9C}.Debugger|Any CPU.ActiveCfg = Debug|Any CPU
		{6C8A1808-4C7B-4127-AC44-29146C0F2D9C}.Debugger|Any CPU.Build.0 = Debug|Any CPU
		{6C8A1808-4C7B-4127-AC44-29146C0F2D9C}.Debug|Any CPU.ActiveCfg = Debug|Any CPU
		{6C8A1808-4C7B-4127-AC44-29146C0F2D9C}.Debug|Any CPU.Build.0 = Debug|Any CPU
		{6C8A1808-4C7B-4127-AC44-29146C0F2D9C}.Release|Any CPU.ActiveCfg = Release|Any CPU
		{6C8A1808-4C7B-4127-AC44-29146C0F2D9C}.Release|Any CPU.Build.0 = Release|Any CPU
		{CA860A6C-3189-480A-8940-1A3D6F143DFF}.Debugger|Any CPU.ActiveCfg = Debug|Any CPU
		{CA860A6C-3189-480A-8940-1A3D6F143DFF}.Debugger|Any CPU.Build.0 = Debug|Any CPU
		{CA860A6C-3189-480A-8940-1A3D6F143DFF}.Debug|Any CPU.ActiveCfg = Debug|Any CPU
		{CA860A6C-3189-480A-8940-1A3D6F143DFF}.Debug|Any CPU.Build.0 = Debug|Any CPU
		{CA860A6C-3189-480A-8940-1A3D6F143DFF}.Release|Any CPU.ActiveCfg = Release|Any CPU
		{CA860A6C-3189-480A-8940-1A3D6F143DFF}.Release|Any CPU.Build.0 = Release|Any CPU
		{DF9722BC-BB2D-4081-9FBA-3A4FE386122C}.Debugger|Any CPU.ActiveCfg = Debug|Any CPU
		{DF9722BC-BB2D-4081-9FBA-3A4FE386122C}.Debugger|Any CPU.Build.0 = Debug|Any CPU
		{DF9722BC-BB2D-4081-9FBA-3A4FE386122C}.Debug|Any CPU.ActiveCfg = Debug|Any CPU
		{DF9722BC-BB2D-4081-9FBA-3A4FE386122C}.Debug|Any CPU.Build.0 = Debug|Any CPU
		{DF9722BC-BB2D-4081-9FBA-3A4FE386122C}.Release|Any CPU.ActiveCfg = Release|Any CPU
		{DF9722BC-BB2D-4081-9FBA-3A4FE386122C}.Release|Any CPU.Build.0 = Release|Any CPU
		{E9ED1C85-2C0A-43A7-A98A-FC3EC92B6F8A}.Debugger|Any CPU.ActiveCfg = Debug|Any CPU
		{E9ED1C85-2C0A-43A7-A98A-FC3EC92B6F8A}.Debugger|Any CPU.Build.0 = Debug|Any CPU
		{E9ED1C85-2C0A-43A7-A98A-FC3EC92B6F8A}.Debug|Any CPU.ActiveCfg = Debug|Any CPU
		{E9ED1C85-2C0A-43A7-A98A-FC3EC92B6F8A}.Debug|Any CPU.Build.0 = Debug|Any CPU
		{E9ED1C85-2C0A-43A7-A98A-FC3EC92B6F8A}.Release|Any CPU.ActiveCfg = Release|Any CPU
		{E9ED1C85-2C0A-43A7-A98A-FC3EC92B6F8A}.Release|Any CPU.Build.0 = Release|Any CPU
	EndGlobalSection
	GlobalSection(SolutionProperties) = preSolution
		HideSolutionNode = FALSE
	EndGlobalSection
EndGlobal
